PODS:
  - Firebase/Core (5.4.0):
    - Firebase/CoreOnly
    - FirebaseAnalytics (= 5.0.1)
  - Firebase/CoreOnly (5.4.0):
    - FirebaseCore (= 5.0.5)
  - Firebase/Database (5.4.0):
    - Firebase/CoreOnly
    - FirebaseDatabase (= 5.0.2)
  - Firebase/Messaging (5.4.0):
    - Firebase/CoreOnly
    - FirebaseMessaging (= 3.0.3)
  - firebase_analytics (0.0.1):
    - Firebase/Core
    - Flutter
  - firebase_core (0.0.1):
    - Firebase/Core
    - Flutter
  - firebase_database (0.0.1):
    - Firebase/Database
    - Flutter
  - firebase_messaging (0.0.1):
    - Firebase/Core
    - Firebase/Messaging
    - Flutter
  - FirebaseAnalytics (5.0.1):
    - FirebaseCore (~> 5.0)
    - FirebaseInstanceID (~> 3.0)
    - "GoogleToolboxForMac/NSData+zlib (~> 2.1)"
    - nanopb (~> 0.3)
  - FirebaseCore (5.0.5):
    - "GoogleToolboxForMac/NSData+zlib (~> 2.1)"
  - FirebaseDatabase (5.0.2):
    - FirebaseCore (~> 5.0)
    - leveldb-library (~> 1.18)
  - FirebaseInstanceID (3.1.1):
    - FirebaseCore (~> 5.0)
  - FirebaseMessaging (3.0.3):
    - FirebaseCore (~> 5.0)
    - FirebaseInstanceID (~> 3.0)
    - GoogleToolboxForMac/Logger (~> 2.1)
    - Protobuf (~> 3.1)
  - Flutter (1.0.0)
  - flutter_webview_plugin (0.0.1):
    - Flutter
  - flutter_youtube (0.0.1):
    - Flutter
  - GoogleToolboxForMac/Defines (2.1.4)
  - GoogleToolboxForMac/Logger (2.1.4):
    - GoogleToolboxForMac/Defines (= 2.1.4)
  - "GoogleToolboxForMac/NSData+zlib (2.1.4)":
    - GoogleToolboxForMac/Defines (= 2.1.4)
  - leveldb-library (1.20)
  - nanopb (0.3.8):
    - nanopb/decode (= 0.3.8)
    - nanopb/encode (= 0.3.8)
  - nanopb/decode (0.3.8)
  - nanopb/encode (0.3.8)
  - Protobuf (3.6.0)
  - quick_actions (0.0.1):
    - Flutter
  - url_launcher (0.0.1):
    - Flutter

DEPENDENCIES:
  - firebase_analytics (from `.symlinks/plugins/firebase_analytics/ios`)
  - firebase_core (from `.symlinks/plugins/firebase_core/ios`)
  - firebase_database (from `.symlinks/plugins/firebase_database/ios`)
  - firebase_messaging (from `.symlinks/plugins/firebase_messaging/ios`)
  - Flutter (from `.symlinks/flutter/ios`)
  - flutter_webview_plugin (from `.symlinks/plugins/flutter_webview_plugin/ios`)
  - flutter_youtube (from `.symlinks/plugins/flutter_youtube/ios`)
  - quick_actions (from `.symlinks/plugins/quick_actions/ios`)
  - url_launcher (from `.symlinks/plugins/url_launcher/ios`)

SPEC REPOS:
  https://github.com/cocoapods/specs.git:
    - Firebase
    - FirebaseAnalytics
    - FirebaseCore
    - FirebaseDatabase
    - FirebaseInstanceID
    - FirebaseMessaging
    - GoogleToolboxForMac
    - leveldb-library
    - nanopb
    - Protobuf

EXTERNAL SOURCES:
  firebase_analytics:
    :path: ".symlinks/plugins/firebase_analytics/ios"
  firebase_core:
    :path: ".symlinks/plugins/firebase_core/ios"
  firebase_database:
    :path: ".symlinks/plugins/firebase_database/ios"
  firebase_messaging:
    :path: ".symlinks/plugins/firebase_messaging/ios"
  Flutter:
    :path: ".symlinks/flutter/ios"
  flutter_webview_plugin:
    :path: ".symlinks/plugins/flutter_webview_plugin/ios"
  flutter_youtube:
    :path: ".symlinks/plugins/flutter_youtube/ios"
  quick_actions:
    :path: ".symlinks/plugins/quick_actions/ios"
  url_launcher:
    :path: ".symlinks/plugins/url_launcher/ios"

SPEC CHECKSUMS:
  Firebase: d66f4f29c23f22d96808d9abc174d81d8eee968f
  firebase_analytics: fcc60a9de4b8e07aa5af8941303a7f5fe6e0383f
  firebase_core: c96aa8b2fcf7f5167d32f22034f502f9304952b8
  firebase_database: dd62ab9f71967c9011ce2fd03a89e762dcc364df
  firebase_messaging: a5f5d4a9491b660f33a1f94bd0596558f820bad1
  FirebaseAnalytics: b3628aea54c50464c32c393fb2ea032566e7ecc2
  FirebaseCore: 42b3267233bd21a5abd54117ccc38ca3dd0f8e83
  FirebaseDatabase: 27be5ac5bc75e0b17537b2bbfada8258addcc8cd
  FirebaseInstanceID: f3f0657372592ecdfdfe2cac604a5a75758376a6
  FirebaseMessaging: f43eb0c0e1da096e659de6f713038e74862a62cd
  Flutter: 9d0fac939486c9aba2809b7982dfdbb47a7b0296
  flutter_webview_plugin: 116575b48572029304775b768e9f15ebfc316274
  flutter_youtube: 729870920c0074fc2d0280e652aca046ac09ef89
  GoogleToolboxForMac: 91c824d21e85b31c2aae9bb011c5027c9b4e738f
  leveldb-library: 08cba283675b7ed2d99629a4bc5fd052cd2bb6a5
  nanopb: 5601e6bca2dbf1ed831b519092ec110f66982ca3
  Protobuf: 0fc0ad8bec688b2a3017a139953e01374fedbd5f
  quick_actions: 4e3b24b7ebc5895b015bf8fc104f436047f7ca8a
  url_launcher: 92b89c1029a0373879933c21642958c874539095

PODFILE CHECKSUM: 1e5af4103afd21ca5ead147d7b81d06f494f51a2

COCOAPODS: 1.5.3
